# This file is automatically @generated by Cargo.
# It is not intended for manual editing.
version = 3

[[package]]
name = "binary-layout"
version = "3.2.0"
source = "registry+https://github.com/rust-lang/crates.io-index"
checksum = "aa4c433028853a658404bdc739b91a0017133e65967fc3ecfdce71f6bdaea83e"
dependencies = [
 "doc-comment",
 "paste",
]

[[package]]
name = "doc-comment"
version = "0.3.3"
source = "registry+https://github.com/rust-lang/crates.io-index"
checksum = "fea41bba32d969b513997752735605054bc0dfa92b4c56bf1189f2e174be7a10"

[[package]]
name = "elden_ring_save_manager"
version = "0.1.0"
dependencies = [
 "binary-layout",
]

[[package]]
name = "paste"
version = "1.0.14"
source = "registry+https://github.com/rust-lang/crates.io-index"
checksum = "de3145af08024dea9fa9914f381a17b8fc6034dfb00f3a84013f7ff43f29ed4c"
